
Microsoft Visual Studio Solution File, Format Version 12.00
# Visual Studio Version 17
VisualStudioVersion = 17.11.35208.52
MinimumVisualStudioVersion = 10.0.40219.1
Project("{FAE04EC0-301F-11D3-BF4B-00C04F79EFBC}") = "ejericio_32", "ejericio_32.csproj", "{9916A19B-E696-4E68-AFB5-6BA0C8968ACA}"
EndProject
Global
	GlobalSection(SolutionConfigurationPlatforms) = preSolution
		Debug|Any CPU = Debug|Any CPU
		Release|Any CPU = Release|Any CPU
	EndGlobalSection
	GlobalSection(ProjectConfigurationPlatforms) = postSolution
		{9916A19B-E696-4E68-AFB5-6BA0C8968ACA}.Debug|Any CPU.ActiveCfg = Debug|Any CPU
		{9916A19B-E696-4E68-AFB5-6BA0C8968ACA}.Debug|Any CPU.Build.0 = Debug|Any CPU
		{9916A19B-E696-4E68-AFB5-6BA0C8968ACA}.Release|Any CPU.ActiveCfg = Release|Any CPU
		{9916A19B-E696-4E68-AFB5-6BA0C8968ACA}.Release|Any CPU.Build.0 = Release|Any CPU
	EndGlobalSection
	GlobalSection(SolutionProperties) = preSolution
		HideSolutionNode = FALSE
	EndGlobalSection
	GlobalSection(ExtensibilityGlobals) = postSolution
		SolutionGuid = {53E28D19-E4B4-4D47-B2E7-C7CC269AFC5C}
	EndGlobalSection
EndGlobal
